
Microsoft Visual Studio Solution File, Format Version 12.00
# Visual Studio 2012
Project("{FAE04EC0-301F-11D3-BF4B-00C04F79EFBC}") = "Snake", "Snake\Snake.csproj", "{0A624854-274C-4053-991C-E02A081FB6D3}"
EndProject
Global
	GlobalSection(SolutionConfigurationPlatforms) = preSolution
		Debug|Any CPU = Debug|Any CPU
		Release|Any CPU = Release|Any CPU
	EndGlobalSection
	GlobalSection(ProjectConfigurationPlatforms) = postSolution
		{0A624854-274C-4053-991C-E02A081FB6D3}.Debug|Any CPU.ActiveCfg = Debug|Any CPU
		{0A624854-274C-4053-991C-E02A081FB6D3}.Debug|Any CPU.Build.0 = Debug|Any CPU
		{0A624854-274C-4053-991C-E02A081FB6D3}.Release|Any CPU.ActiveCfg = Release|Any CPU
		{0A624854-274C-4053-991C-E02A081FB6D3}.Release|Any CPU.Build.0 = Release|Any CPU
	EndGlobalSection
	GlobalSection(SolutionProperties) = preSolution
		HideSolutionNode = FALSE
	EndGlobalSection
EndGlobal
