
Microsoft Visual Studio Solution File, Format Version 12.00
# Visual Studio 2012
Project("{FAE04EC0-301F-11D3-BF4B-00C04F79EFBC}") = "DateTime", "DateTime\DateTime.csproj", "{28972F98-47F4-4911-964E-25AD9D7CCD58}"
EndProject
Global
	GlobalSection(SolutionConfigurationPlatforms) = preSolution
		Debug|Any CPU = Debug|Any CPU
		Release|Any CPU = Release|Any CPU
	EndGlobalSection
	GlobalSection(ProjectConfigurationPlatforms) = postSolution
		{28972F98-47F4-4911-964E-25AD9D7CCD58}.Debug|Any CPU.ActiveCfg = Debug|Any CPU
		{28972F98-47F4-4911-964E-25AD9D7CCD58}.Debug|Any CPU.Build.0 = Debug|Any CPU
		{28972F98-47F4-4911-964E-25AD9D7CCD58}.Debug|Any CPU.Deploy.0 = Debug|Any CPU
		{28972F98-47F4-4911-964E-25AD9D7CCD58}.Release|Any CPU.ActiveCfg = Release|Any CPU
		{28972F98-47F4-4911-964E-25AD9D7CCD58}.Release|Any CPU.Build.0 = Release|Any CPU
		{28972F98-47F4-4911-964E-25AD9D7CCD58}.Release|Any CPU.Deploy.0 = Release|Any CPU
	EndGlobalSection
	GlobalSection(SolutionProperties) = preSolution
		HideSolutionNode = FALSE
	EndGlobalSection
EndGlobal
